
Microsoft Visual Studio Solution File, Format Version 12.00
# Visual Studio Version 17
VisualStudioVersion = 17.14.36915.13 d17.14
MinimumVisualStudioVersion = 10.0.40219.1
Project("{FAE04EC0-301F-11D3-BF4B-00C04F79EFBC}") = "PowerPointVstoAddIn", "PowerPointVstoAddIn.csproj", "{E5F73BBF-2052-4628-8A2D-CC949259CD62}"
EndProject
Global
	GlobalSection(SolutionConfigurationPlatforms) = preSolution
		Debug|Any CPU = Debug|Any CPU
		Release|Any CPU = Release|Any CPU
	EndGlobalSection
	GlobalSection(ProjectConfigurationPlatforms) = postSolution
		{E5F73BBF-2052-4628-8A2D-CC949259CD62}.Debug|Any CPU.ActiveCfg = Debug|Any CPU
		{E5F73BBF-2052-4628-8A2D-CC949259CD62}.Debug|Any CPU.Build.0 = Debug|Any CPU
		{E5F73BBF-2052-4628-8A2D-CC949259CD62}.Release|Any CPU.ActiveCfg = Release|Any CPU
		{E5F73BBF-2052-4628-8A2D-CC949259CD62}.Release|Any CPU.Build.0 = Release|Any CPU
	EndGlobalSection
	GlobalSection(SolutionProperties) = preSolution
		HideSolutionNode = FALSE
	EndGlobalSection
	GlobalSection(ExtensibilityGlobals) = postSolution
		SolutionGuid = {629E0D9A-DA9A-4381-BFC5-7C87B8DE0FAE}
	EndGlobalSection
EndGlobal
